# generated by rye
# use `rye lock` or `rye sync` to update this lockfile
#
# last locked with the following flags:
#   pre: false
#   features: []
#   all-features: false
#   with-sources: false

-e file:.
certifi==2024.7.4
    # via requests
charset-normalizer==3.3.2
    # via requests
decorator==4.4.2
    # via moviepy
ffmpeg-python==0.2.0
    # via youtube-downloader
future==1.0.0
    # via ffmpeg-python
idna==3.7
    # via requests
imageio==2.34.2
    # via moviepy
imageio-ffmpeg==0.5.1
    # via moviepy
iniconfig==2.0.0
    # via pytest
moviepy==1.0.3
    # via youtube-downloader
mypy==1.10.1
mypy-extensions==1.0.0
    # via mypy
numpy==2.0.0
    # via imageio
    # via moviepy
packaging==24.1
    # via pytest
pillow==10.4.0
    # via imageio
pluggy==1.5.0
    # via pytest
proglog==0.1.10
    # via moviepy
pytest==8.2.2
pytube==15.0.0
    # via youtube-downloader
requests==2.32.3
    # via moviepy
    # via youtube-transcript-api
setuptools==70.3.0
    # via imageio-ffmpeg
tqdm==4.66.4
    # via moviepy
    # via proglog
typing-extensions==4.12.2
    # via mypy
urllib3==2.2.2
    # via requests
youtube-transcript-api==0.6.2
    # via youtube-downloader
